
Microsoft Visual Studio Solution File, Format Version 12.00
# Visual Studio Version 17
VisualStudioVersion = 17.10.35013.160
MinimumVisualStudioVersion = 10.0.40219.1
Project("{FAE04EC0-301F-11D3-BF4B-00C04F79EFBC}") = "Server", "Server\Server.csproj", "{CAE5D00C-C61F-4A61-ABDE-851D038D19D9}"
EndProject
Project("{FAE04EC0-301F-11D3-BF4B-00C04F79EFBC}") = "Client", "Client\Client.csproj", "{C2E6CFDA-DE72-4634-95AF-329FEC951B60}"
EndProject
Global
	GlobalSection(SolutionConfigurationPlatforms) = preSolution
		Debug|Any CPU = Debug|Any CPU
		Release|Any CPU = Release|Any CPU
	EndGlobalSection
	GlobalSection(ProjectConfigurationPlatforms) = postSolution
		{CAE5D00C-C61F-4A61-ABDE-851D038D19D9}.Debug|Any CPU.ActiveCfg = Debug|Any CPU
		{CAE5D00C-C61F-4A61-ABDE-851D038D19D9}.Debug|Any CPU.Build.0 = Debug|Any CPU
		{CAE5D00C-C61F-4A61-ABDE-851D038D19D9}.Release|Any CPU.ActiveCfg = Release|Any CPU
		{CAE5D00C-C61F-4A61-ABDE-851D038D19D9}.Release|Any CPU.Build.0 = Release|Any CPU
		{C2E6CFDA-DE72-4634-95AF-329FEC951B60}.Debug|Any CPU.ActiveCfg = Debug|Any CPU
		{C2E6CFDA-DE72-4634-95AF-329FEC951B60}.Debug|Any CPU.Build.0 = Debug|Any CPU
		{C2E6CFDA-DE72-4634-95AF-329FEC951B60}.Release|Any CPU.ActiveCfg = Release|Any CPU
		{C2E6CFDA-DE72-4634-95AF-329FEC951B60}.Release|Any CPU.Build.0 = Release|Any CPU
	EndGlobalSection
	GlobalSection(SolutionProperties) = preSolution
		HideSolutionNode = FALSE
	EndGlobalSection
	GlobalSection(ExtensibilityGlobals) = postSolution
		SolutionGuid = {C2D92F18-27EC-4CA5-8423-D19F62D63B29}
	EndGlobalSection
EndGlobal
